
Microsoft Visual Studio Solution File, Format Version 12.00
# Visual Studio Version 17
VisualStudioVersion = 17.11.35327.3
MinimumVisualStudioVersion = 10.0.40219.1
Project("{2150E333-8FDC-42A3-9474-1A3956D46DE8}") = "src", "src", "{68186734-2910-4080-B10F-17AB6155883C}"
EndProject
Project("{2150E333-8FDC-42A3-9474-1A3956D46DE8}") = "Core", "Core", "{FCC743BB-776D-4F92-B078-0E2A56A1C536}"
EndProject
Project("{2150E333-8FDC-42A3-9474-1A3956D46DE8}") = "Infraestructure", "Infraestructure", "{08E463CD-5A42-465A-BD2E-175843F8ADBF}"
EndProject
Project("{2150E333-8FDC-42A3-9474-1A3956D46DE8}") = "Presentation", "Presentation", "{4A86CA68-78B7-41EC-9EE9-69DB021773A0}"
EndProject
Project("{FAE04EC0-301F-11D3-BF4B-00C04F79EFBC}") = "Application", "Application\Application.csproj", "{D2D5D9EE-47CD-43AF-84BA-28C99FE9CE24}"
EndProject
Project("{FAE04EC0-301F-11D3-BF4B-00C04F79EFBC}") = "Domain", "Domain\Domain.csproj", "{6751EBFF-0784-49DD-83B2-C9563B0B2BAA}"
EndProject
Project("{FAE04EC0-301F-11D3-BF4B-00C04F79EFBC}") = "Persistence", "Persistence\Persistence.csproj", "{D9737467-2C23-4A6F-B834-BB5B0C801558}"
EndProject
Project("{FAE04EC0-301F-11D3-BF4B-00C04F79EFBC}") = "Shared", "Shared\Shared.csproj", "{03D3093A-CCD5-4D83-AB16-47483F1BBE4E}"
EndProject
Project("{FAE04EC0-301F-11D3-BF4B-00C04F79EFBC}") = "WebAPI", "WebAPI\WebAPI.csproj", "{EF3E9A8B-4B9E-41B5-832A-12110D50C86B}"
EndProject
Global
	GlobalSection(SolutionConfigurationPlatforms) = preSolution
		Debug|Any CPU = Debug|Any CPU
		Release|Any CPU = Release|Any CPU
	EndGlobalSection
	GlobalSection(ProjectConfigurationPlatforms) = postSolution
		{D2D5D9EE-47CD-43AF-84BA-28C99FE9CE24}.Debug|Any CPU.ActiveCfg = Debug|Any CPU
		{D2D5D9EE-47CD-43AF-84BA-28C99FE9CE24}.Debug|Any CPU.Build.0 = Debug|Any CPU
		{D2D5D9EE-47CD-43AF-84BA-28C99FE9CE24}.Release|Any CPU.ActiveCfg = Release|Any CPU
		{D2D5D9EE-47CD-43AF-84BA-28C99FE9CE24}.Release|Any CPU.Build.0 = Release|Any CPU
		{6751EBFF-0784-49DD-83B2-C9563B0B2BAA}.Debug|Any CPU.ActiveCfg = Debug|Any CPU
		{6751EBFF-0784-49DD-83B2-C9563B0B2BAA}.Debug|Any CPU.Build.0 = Debug|Any CPU
		{6751EBFF-0784-49DD-83B2-C9563B0B2BAA}.Release|Any CPU.ActiveCfg = Release|Any CPU
		{6751EBFF-0784-49DD-83B2-C9563B0B2BAA}.Release|Any CPU.Build.0 = Release|Any CPU
		{D9737467-2C23-4A6F-B834-BB5B0C801558}.Debug|Any CPU.ActiveCfg = Debug|Any CPU
		{D9737467-2C23-4A6F-B834-BB5B0C801558}.Debug|Any CPU.Build.0 = Debug|Any CPU
		{D9737467-2C23-4A6F-B834-BB5B0C801558}.Release|Any CPU.ActiveCfg = Release|Any CPU
		{D9737467-2C23-4A6F-B834-BB5B0C801558}.Release|Any CPU.Build.0 = Release|Any CPU
		{03D3093A-CCD5-4D83-AB16-47483F1BBE4E}.Debug|Any CPU.ActiveCfg = Debug|Any CPU
		{03D3093A-CCD5-4D83-AB16-47483F1BBE4E}.Debug|Any CPU.Build.0 = Debug|Any CPU
		{03D3093A-CCD5-4D83-AB16-47483F1BBE4E}.Release|Any CPU.ActiveCfg = Release|Any CPU
		{03D3093A-CCD5-4D83-AB16-47483F1BBE4E}.Release|Any CPU.Build.0 = Release|Any CPU
		{EF3E9A8B-4B9E-41B5-832A-12110D50C86B}.Debug|Any CPU.ActiveCfg = Debug|Any CPU
		{EF3E9A8B-4B9E-41B5-832A-12110D50C86B}.Debug|Any CPU.Build.0 = Debug|Any CPU
		{EF3E9A8B-4B9E-41B5-832A-12110D50C86B}.Release|Any CPU.ActiveCfg = Release|Any CPU
		{EF3E9A8B-4B9E-41B5-832A-12110D50C86B}.Release|Any CPU.Build.0 = Release|Any CPU
	EndGlobalSection
	GlobalSection(SolutionProperties) = preSolution
		HideSolutionNode = FALSE
	EndGlobalSection
	GlobalSection(NestedProjects) = preSolution
		{FCC743BB-776D-4F92-B078-0E2A56A1C536} = {68186734-2910-4080-B10F-17AB6155883C}
		{08E463CD-5A42-465A-BD2E-175843F8ADBF} = {68186734-2910-4080-B10F-17AB6155883C}
		{4A86CA68-78B7-41EC-9EE9-69DB021773A0} = {68186734-2910-4080-B10F-17AB6155883C}
		{D2D5D9EE-47CD-43AF-84BA-28C99FE9CE24} = {FCC743BB-776D-4F92-B078-0E2A56A1C536}
		{6751EBFF-0784-49DD-83B2-C9563B0B2BAA} = {FCC743BB-776D-4F92-B078-0E2A56A1C536}
		{D9737467-2C23-4A6F-B834-BB5B0C801558} = {08E463CD-5A42-465A-BD2E-175843F8ADBF}
		{03D3093A-CCD5-4D83-AB16-47483F1BBE4E} = {08E463CD-5A42-465A-BD2E-175843F8ADBF}
		{EF3E9A8B-4B9E-41B5-832A-12110D50C86B} = {4A86CA68-78B7-41EC-9EE9-69DB021773A0}
	EndGlobalSection
	GlobalSection(ExtensibilityGlobals) = postSolution
		SolutionGuid = {1577D5ED-82E8-46CA-B30D-FB709084A61C}
	EndGlobalSection
EndGlobal
